
Microsoft Visual Studio Solution File, Format Version 12.00
# Visual Studio 15
VisualStudioVersion = 15.0.28010.2016
MinimumVisualStudioVersion = 10.0.40219.1
Project("{FAE04EC0-301F-11D3-BF4B-00C04F79EFBC}") = "hakke", "hakke\hakke.csproj", "{71DC9781-1C17-4493-A21F-9F171E6AAFF7}"
EndProject
Global
	GlobalSection(SolutionConfigurationPlatforms) = preSolution
		Debug|Any CPU = Debug|Any CPU
		Release|Any CPU = Release|Any CPU
	EndGlobalSection
	GlobalSection(ProjectConfigurationPlatforms) = postSolution
		{71DC9781-1C17-4493-A21F-9F171E6AAFF7}.Debug|Any CPU.ActiveCfg = Debug|Any CPU
		{71DC9781-1C17-4493-A21F-9F171E6AAFF7}.Debug|Any CPU.Build.0 = Debug|Any CPU
		{71DC9781-1C17-4493-A21F-9F171E6AAFF7}.Release|Any CPU.ActiveCfg = Release|Any CPU
		{71DC9781-1C17-4493-A21F-9F171E6AAFF7}.Release|Any CPU.Build.0 = Release|Any CPU
	EndGlobalSection
	GlobalSection(SolutionProperties) = preSolution
		HideSolutionNode = FALSE
	EndGlobalSection
	GlobalSection(ExtensibilityGlobals) = postSolution
		SolutionGuid = {4133DF28-961E-4A5E-A481-E2BADC1339F3}
	EndGlobalSection
EndGlobal
